// !$*UTF8*$!
{
	archiveVersion = 1;
	classes = {
	};
	objectVersion = 50;
	objects = {

/* Begin PBXBuildFile section */
		7912A77B2416837400F9284E /* AppDelegate.swift in Sources */ = {isa = PBXBuildFile; fileRef = 7912A77A2416837400F9284E /* AppDelegate.swift */; };
		7912A77D2416837400F9284E /* SceneDelegate.swift in Sources */ = {isa = PBXBuildFile; fileRef = 7912A77C2416837400F9284E /* SceneDelegate.swift */; };
		7912A7822416837400F9284E /* Main.storyboard in Resources */ = {isa = PBXBuildFile; fileRef = 7912A7802416837400F9284E /* Main.storyboard */; };
		7912A7842416837600F9284E /* Assets.xcassets in Resources */ = {isa = PBXBuildFile; fileRef = 7912A7832416837600F9284E /* Assets.xcassets */; };
		7912A7872416837600F9284E /* LaunchScreen.storyboard in Resources */ = {isa = PBXBuildFile; fileRef = 7912A7852416837600F9284E /* LaunchScreen.storyboard */; };
		7912A7902416854C00F9284E /* Top50ViewController.swift in Sources */ = {isa = PBXBuildFile; fileRef = 7912A78F2416854C00F9284E /* Top50ViewController.swift */; };
		7912A79224168A3F00F9284E /* PostDetailViewController.swift in Sources */ = {isa = PBXBuildFile; fileRef = 7912A79124168A3F00F9284E /* PostDetailViewController.swift */; };
		7912A7962416901B00F9284E /* RedditPostsRepository.swift in Sources */ = {isa = PBXBuildFile; fileRef = 7912A7952416901B00F9284E /* RedditPostsRepository.swift */; };
		7912A7992416905C00F9284E /* RedditPost.swift in Sources */ = {isa = PBXBuildFile; fileRef = 7912A7982416905C00F9284E /* RedditPost.swift */; };
		7912A79C241691CE00F9284E /* RedditPostPreview.swift in Sources */ = {isa = PBXBuildFile; fileRef = 7912A79B241691CE00F9284E /* RedditPostPreview.swift */; };
		7912A79E241691E600F9284E /* RedditPostDetails.swift in Sources */ = {isa = PBXBuildFile; fileRef = 7912A79D241691E600F9284E /* RedditPostDetails.swift */; };
		7912A7A02416992000F9284E /* RedditPostViewModel.swift in Sources */ = {isa = PBXBuildFile; fileRef = 7912A79F2416992000F9284E /* RedditPostViewModel.swift */; };
		7912A7A22416AAE900F9284E /* RedditService.swift in Sources */ = {isa = PBXBuildFile; fileRef = 7912A7A12416AAE900F9284E /* RedditService.swift */; };
		7912A7A42416B75B00F9284E /* RedditListing.swift in Sources */ = {isa = PBXBuildFile; fileRef = 7912A7A32416B75B00F9284E /* RedditListing.swift */; };
/* End PBXBuildFile section */

/* Begin PBXFileReference section */
		7912A7772416837400F9284E /* RedditTop50.app */ = {isa = PBXFileReference; explicitFileType = wrapper.application; includeInIndex = 0; path = RedditTop50.app; sourceTree = BUILT_PRODUCTS_DIR; };
		7912A77A2416837400F9284E /* AppDelegate.swift */ = {isa = PBXFileReference; lastKnownFileType = sourcecode.swift; path = AppDelegate.swift; sourceTree = "<group>"; };
		7912A77C2416837400F9284E /* SceneDelegate.swift */ = {isa = PBXFileReference; lastKnownFileType = sourcecode.swift; path = SceneDelegate.swift; sourceTree = "<group>"; };
		7912A7812416837400F9284E /* Base */ = {isa = PBXFileReference; lastKnownFileType = file.storyboard; name = Base; path = Base.lproj/Main.storyboard; sourceTree = "<group>"; };
		7912A7832416837600F9284E /* Assets.xcassets */ = {isa = PBXFileReference; lastKnownFileType = folder.assetcatalog; path = Assets.xcassets; sourceTree = "<group>"; };
		7912A7862416837600F9284E /* Base */ = {isa = PBXFileReference; lastKnownFileType = file.storyboard; name = Base; path = Base.lproj/LaunchScreen.storyboard; sourceTree = "<group>"; };
		7912A7882416837600F9284E /* Info.plist */ = {isa = PBXFileReference; lastKnownFileType = text.plist.xml; path = Info.plist; sourceTree = "<group>"; };
		7912A78F2416854C00F9284E /* Top50ViewController.swift */ = {isa = PBXFileReference; lastKnownFileType = sourcecode.swift; path = Top50ViewController.swift; sourceTree = "<group>"; };
		7912A79124168A3F00F9284E /* PostDetailViewController.swift */ = {isa = PBXFileReference; lastKnownFileType = sourcecode.swift; path = PostDetailViewController.swift; sourceTree = "<group>"; };
		7912A7952416901B00F9284E /* RedditPostsRepository.swift */ = {isa = PBXFileReference; lastKnownFileType = sourcecode.swift; path = RedditPostsRepository.swift; sourceTree = "<group>"; };
		7912A7982416905C00F9284E /* RedditPost.swift */ = {isa = PBXFileReference; lastKnownFileType = sourcecode.swift; path = RedditPost.swift; sourceTree = "<group>"; };
		7912A79B241691CE00F9284E /* RedditPostPreview.swift */ = {isa = PBXFileReference; lastKnownFileType = sourcecode.swift; path = RedditPostPreview.swift; sourceTree = "<group>"; };
		7912A79D241691E600F9284E /* RedditPostDetails.swift */ = {isa = PBXFileReference; lastKnownFileType = sourcecode.swift; path = RedditPostDetails.swift; sourceTree = "<group>"; };
		7912A79F2416992000F9284E /* RedditPostViewModel.swift */ = {isa = PBXFileReference; lastKnownFileType = sourcecode.swift; path = RedditPostViewModel.swift; sourceTree = "<group>"; };
		7912A7A12416AAE900F9284E /* RedditService.swift */ = {isa = PBXFileReference; lastKnownFileType = sourcecode.swift; path = RedditService.swift; sourceTree = "<group>"; };
		7912A7A32416B75B00F9284E /* RedditListing.swift */ = {isa = PBXFileReference; lastKnownFileType = sourcecode.swift; path = RedditListing.swift; sourceTree = "<group>"; };
/* End PBXFileReference section */

/* Begin PBXFrameworksBuildPhase section */
		7912A7742416837400F9284E /* Frameworks */ = {
			isa = PBXFrameworksBuildPhase;
			buildActionMask = 2147483647;
			files = (
			);
			runOnlyForDeploymentPostprocessing = 0;
		};
/* End PBXFrameworksBuildPhase section */

/* Begin PBXGroup section */
		7912A76E2416837300F9284E = {
			isa = PBXGroup;
			children = (
				7912A7792416837400F9284E /* RedditTop50 */,
				7912A7782416837400F9284E /* Products */,
			);
			sourceTree = "<group>";
		};
		7912A7782416837400F9284E /* Products */ = {
			isa = PBXGroup;
			children = (
				7912A7772416837400F9284E /* RedditTop50.app */,
			);
			name = Products;
			sourceTree = "<group>";
		};
		7912A7792416837400F9284E /* RedditTop50 */ = {
			isa = PBXGroup;
			children = (
				7912A78E241684CB00F9284E /* ViewControllers */,
				7912A79324168FEB00F9284E /* Repositories */,
				7912A79A241691AD00F9284E /* ViewModels */,
				7912A7972416903800F9284E /* DataModel */,
				7912A79424168FFD00F9284E /* Networking */,
				7912A77A2416837400F9284E /* AppDelegate.swift */,
				7912A77C2416837400F9284E /* SceneDelegate.swift */,
				7912A7802416837400F9284E /* Main.storyboard */,
				7912A7832416837600F9284E /* Assets.xcassets */,
				7912A7852416837600F9284E /* LaunchScreen.storyboard */,
				7912A7882416837600F9284E /* Info.plist */,
			);
			path = RedditTop50;
			sourceTree = "<group>";
		};
		7912A78E241684CB00F9284E /* ViewControllers */ = {
			isa = PBXGroup;
			children = (
				7912A78F2416854C00F9284E /* Top50ViewController.swift */,
				7912A79124168A3F00F9284E /* PostDetailViewController.swift */,
			);
			path = ViewControllers;
			sourceTree = "<group>";
		};
		7912A79324168FEB00F9284E /* Repositories */ = {
			isa = PBXGroup;
			children = (
				7912A7952416901B00F9284E /* RedditPostsRepository.swift */,
			);
			path = Repositories;
			sourceTree = "<group>";
		};
		7912A79424168FFD00F9284E /* Networking */ = {
			isa = PBXGroup;
			children = (
				7912A7A12416AAE900F9284E /* RedditService.swift */,
			);
			path = Networking;
			sourceTree = "<group>";
		};
		7912A7972416903800F9284E /* DataModel */ = {
			isa = PBXGroup;
			children = (
				7912A7982416905C00F9284E /* RedditPost.swift */,
				7912A7A32416B75B00F9284E /* RedditListing.swift */,
			);
			path = DataModel;
			sourceTree = "<group>";
		};
		7912A79A241691AD00F9284E /* ViewModels */ = {
			isa = PBXGroup;
			children = (
				7912A79B241691CE00F9284E /* RedditPostPreview.swift */,
				7912A79D241691E600F9284E /* RedditPostDetails.swift */,
				7912A79F2416992000F9284E /* RedditPostViewModel.swift */,
			);
			path = ViewModels;
			sourceTree = "<group>";
		};
/* End PBXGroup section */

/* Begin PBXNativeTarget section */
		7912A7762416837400F9284E /* RedditTop50 */ = {
			isa = PBXNativeTarget;
			buildConfigurationList = 7912A78B2416837600F9284E /* Build configuration list for PBXNativeTarget "RedditTop50" */;
			buildPhases = (
				7912A7732416837400F9284E /* Sources */,
				7912A7742416837400F9284E /* Frameworks */,
				7912A7752416837400F9284E /* Resources */,
			);
			buildRules = (
			);
			dependencies = (
			);
			name = RedditTop50;
			productName = RedditTop50;
			productReference = 7912A7772416837400F9284E /* RedditTop50.app */;
			productType = "com.apple.product-type.application";
		};
/* End PBXNativeTarget section */

/* Begin PBXProject section */
		7912A76F2416837300F9284E /* Project object */ = {
			isa = PBXProject;
			attributes = {
				LastSwiftUpdateCheck = 1130;
				LastUpgradeCheck = 1130;
				ORGANIZATIONNAME = "Nicolas Viegas Palermo";
				TargetAttributes = {
					7912A7762416837400F9284E = {
						CreatedOnToolsVersion = 11.3.1;
					};
				};
			};
			buildConfigurationList = 7912A7722416837400F9284E /* Build configuration list for PBXProject "RedditTop50" */;
			compatibilityVersion = "Xcode 9.3";
			developmentRegion = en;
			hasScannedForEncodings = 0;
			knownRegions = (
				en,
				Base,
			);
			mainGroup = 7912A76E2416837300F9284E;
			productRefGroup = 7912A7782416837400F9284E /* Products */;
			projectDirPath = "";
			projectRoot = "";
			targets = (
				7912A7762416837400F9284E /* RedditTop50 */,
			);
		};
/* End PBXProject section */

/* Begin PBXResourcesBuildPhase section */
		7912A7752416837400F9284E /* Resources */ = {
			isa = PBXResourcesBuildPhase;
			buildActionMask = 2147483647;
			files = (
				7912A7872416837600F9284E /* LaunchScreen.storyboard in Resources */,
				7912A7842416837600F9284E /* Assets.xcassets in Resources */,
				7912A7822416837400F9284E /* Main.storyboard in Resources */,
			);
			runOnlyForDeploymentPostprocessing = 0;
		};
/* End PBXResourcesBuildPhase section */

/* Begin PBXSourcesBuildPhase section */
		7912A7732416837400F9284E /* Sources */ = {
			isa = PBXSourcesBuildPhase;
			buildActionMask = 2147483647;
			files = (
				7912A7962416901B00F9284E /* RedditPostsRepository.swift in Sources */,
				7912A7A42416B75B00F9284E /* RedditListing.swift in Sources */,
				7912A7A22416AAE900F9284E /* RedditService.swift in Sources */,
				7912A7992416905C00F9284E /* RedditPost.swift in Sources */,
				7912A79E241691E600F9284E /* RedditPostDetails.swift in Sources */,
				7912A7A02416992000F9284E /* RedditPostViewModel.swift in Sources */,
				7912A7902416854C00F9284E /* Top50ViewController.swift in Sources */,
				7912A79C241691CE00F9284E /* RedditPostPreview.swift in Sources */,
				7912A79224168A3F00F9284E /* PostDetailViewController.swift in Sources */,
				7912A77B2416837400F9284E /* AppDelegate.swift in Sources */,
				7912A77D2416837400F9284E /* SceneDelegate.swift in Sources */,
			);
			runOnlyForDeploymentPostprocessing = 0;
		};
/* End PBXSourcesBuildPhase section */

/* Begin PBXVariantGroup section */
		7912A7802416837400F9284E /* Main.storyboard */ = {
			isa = PBXVariantGroup;
			children = (
				7912A7812416837400F9284E /* Base */,
			);
			name = Main.storyboard;
			sourceTree = "<group>";
		};
		7912A7852416837600F9284E /* LaunchScreen.storyboard */ = {
			isa = PBXVariantGroup;
			children = (
				7912A7862416837600F9284E /* Base */,
			);
			name = LaunchScreen.storyboard;
			sourceTree = "<group>";
		};
/* End PBXVariantGroup section */

/* Begin XCBuildConfiguration section */
		7912A7892416837600F9284E /* Debug */ = {
			isa = XCBuildConfiguration;
			buildSettings = {
				ALWAYS_SEARCH_USER_PATHS = NO;
				CLANG_ANALYZER_NONNULL = YES;
				CLANG_ANALYZER_NUMBER_OBJECT_CONVERSION = YES_AGGRESSIVE;
				CLANG_CXX_LANGUAGE_STANDARD = "gnu++14";
				CLANG_CXX_LIBRARY = "libc++";
				CLANG_ENABLE_MODULES = YES;
				CLANG_ENABLE_OBJC_ARC = YES;
				CLANG_ENABLE_OBJC_WEAK = YES;
				CLANG_WARN_BLOCK_CAPTURE_AUTORELEASING = YES;
				CLANG_WARN_BOOL_CONVERSION = YES;
				CLANG_WARN_COMMA = YES;
				CLANG_WARN_CONSTANT_CONVERSION = YES;
				CLANG_WARN_DEPRECATED_OBJC_IMPLEMENTATIONS = YES;
				CLANG_WARN_DIRECT_OBJC_ISA_USAGE = YES_ERROR;
				CLANG_WARN_DOCUMENTATION_COMMENTS = YES;
				CLANG_WARN_EMPTY_BODY = YES;
				CLANG_WARN_ENUM_CONVERSION = YES;
				CLANG_WARN_INFINITE_RECURSION = YES;
				CLANG_WARN_INT_CONVERSION = YES;
				CLANG_WARN_NON_LITERAL_NULL_CONVERSION = YES;
				CLANG_WARN_OBJC_IMPLICIT_RETAIN_SELF = YES;
				CLANG_WARN_OBJC_LITERAL_CONVERSION = YES;
				CLANG_WARN_OBJC_ROOT_CLASS = YES_ERROR;
				CLANG_WARN_RANGE_LOOP_ANALYSIS = YES;
				CLANG_WARN_STRICT_PROTOTYPES = YES;
				CLANG_WARN_SUSPICIOUS_MOVE = YES;
				CLANG_WARN_UNGUARDED_AVAILABILITY = YES_AGGRESSIVE;
				CLANG_WARN_UNREACHABLE_CODE = YES;
				CLANG_WARN__DUPLICATE_METHOD_MATCH = YES;
				COPY_PHASE_STRIP = NO;
				DEBUG_INFORMATION_FORMAT = dwarf;
				ENABLE_STRICT_OBJC_MSGSEND = YES;
				ENABLE_TESTABILITY = YES;
				GCC_C_LANGUAGE_STANDARD = gnu11;
				GCC_DYNAMIC_NO_PIC = NO;
				GCC_NO_COMMON_BLOCKS = YES;
				GCC_OPTIMIZATION_LEVEL = 0;
				GCC_PREPROCESSOR_DEFINITIONS = (
					"DEBUG=1",
					"$(inherited)",
				);
				GCC_WARN_64_TO_32_BIT_CONVERSION = YES;
				GCC_WARN_ABOUT_RETURN_TYPE = YES_ERROR;
				GCC_WARN_UNDECLARED_SELECTOR = YES;
				GCC_WARN_UNINITIALIZED_AUTOS = YES_AGGRESSIVE;
				GCC_WARN_UNUSED_FUNCTION = YES;
				GCC_WARN_UNUSED_VARIABLE = YES;
				IPHONEOS_DEPLOYMENT_TARGET = 13.2;
				MTL_ENABLE_DEBUG_INFO = INCLUDE_SOURCE;
				MTL_FAST_MATH = YES;
				ONLY_ACTIVE_ARCH = YES;
				SDKROOT = iphoneos;
				SWIFT_ACTIVE_COMPILATION_CONDITIONS = DEBUG;
				SWIFT_OPTIMIZATION_LEVEL = "-Onone";
			};
			name = Debug;
		};
		7912A78A2416837600F9284E /* Release */ = {
			isa = XCBuildConfiguration;
			buildSettings = {
				ALWAYS_SEARCH_USER_PATHS = NO;
				CLANG_ANALYZER_NONNULL = YES;
				CLANG_ANALYZER_NUMBER_OBJECT_CONVERSION = YES_AGGRESSIVE;
				CLANG_CXX_LANGUAGE_STANDARD = "gnu++14";
				CLANG_CXX_LIBRARY = "libc++";
				CLANG_ENABLE_MODULES = YES;
				CLANG_ENABLE_OBJC_ARC = YES;
				CLANG_ENABLE_OBJC_WEAK = YES;
				CLANG_WARN_BLOCK_CAPTURE_AUTORELEASING = YES;
				CLANG_WARN_BOOL_CONVERSION = YES;
				CLANG_WARN_COMMA = YES;
				CLANG_WARN_CONSTANT_CONVERSION = YES;
				CLANG_WARN_DEPRECATED_OBJC_IMPLEMENTATIONS = YES;
				CLANG_WARN_DIRECT_OBJC_ISA_USAGE = YES_ERROR;
				CLANG_WARN_DOCUMENTATION_COMMENTS = YES;
				CLANG_WARN_EMPTY_BODY = YES;
				CLANG_WARN_ENUM_CONVERSION = YES;
				CLANG_WARN_INFINITE_RECURSION = YES;
				CLANG_WARN_INT_CONVERSION = YES;
				CLANG_WARN_NON_LITERAL_NULL_CONVERSION = YES;
				CLANG_WARN_OBJC_IMPLICIT_RETAIN_SELF = YES;
				CLANG_WARN_OBJC_LITERAL_CONVERSION = YES;
				CLANG_WARN_OBJC_ROOT_CLASS = YES_ERROR;
				CLANG_WARN_RANGE_LOOP_ANALYSIS = YES;
				CLANG_WARN_STRICT_PROTOTYPES = YES;
				CLANG_WARN_SUSPICIOUS_MOVE = YES;
				CLANG_WARN_UNGUARDED_AVAILABILITY = YES_AGGRESSIVE;
				CLANG_WARN_UNREACHABLE_CODE = YES;
				CLANG_WARN__DUPLICATE_METHOD_MATCH = YES;
				COPY_PHASE_STRIP = NO;
				DEBUG_INFORMATION_FORMAT = "dwarf-with-dsym";
				ENABLE_NS_ASSERTIONS = NO;
				ENABLE_STRICT_OBJC_MSGSEND = YES;
				GCC_C_LANGUAGE_STANDARD = gnu11;
				GCC_NO_COMMON_BLOCKS = YES;
				GCC_WARN_64_TO_32_BIT_CONVERSION = YES;
				GCC_WARN_ABOUT_RETURN_TYPE = YES_ERROR;
				GCC_WARN_UNDECLARED_SELECTOR = YES;
				GCC_WARN_UNINITIALIZED_AUTOS = YES_AGGRESSIVE;
				GCC_WARN_UNUSED_FUNCTION = YES;
				GCC_WARN_UNUSED_VARIABLE = YES;
				IPHONEOS_DEPLOYMENT_TARGET = 13.2;
				MTL_ENABLE_DEBUG_INFO = NO;
				MTL_FAST_MATH = YES;
				SDKROOT = iphoneos;
				SWIFT_COMPILATION_MODE = wholemodule;
				SWIFT_OPTIMIZATION_LEVEL = "-O";
				VALIDATE_PRODUCT = YES;
			};
			name = Release;
		};
		7912A78C2416837600F9284E /* Debug */ = {
			isa = XCBuildConfiguration;
			buildSettings = {
				ASSETCATALOG_COMPILER_APPICON_NAME = AppIcon;
				CODE_SIGN_STYLE = Automatic;
				DEVELOPMENT_TEAM = 67YWH7XWH4;
				INFOPLIST_FILE = RedditTop50/Info.plist;
				LD_RUNPATH_SEARCH_PATHS = (
					"$(inherited)",
					"@executable_path/Frameworks",
				);
				PRODUCT_BUNDLE_IDENTIFIER = NicoViegasPalermo.RedditTop50;
				PRODUCT_NAME = "$(TARGET_NAME)";
				SWIFT_VERSION = 5.0;
				TARGETED_DEVICE_FAMILY = "1,2";
			};
			name = Debug;
		};
		7912A78D2416837600F9284E /* Release */ = {
			isa = XCBuildConfiguration;
			buildSettings = {
				ASSETCATALOG_COMPILER_APPICON_NAME = AppIcon;
				CODE_SIGN_STYLE = Automatic;
				DEVELOPMENT_TEAM = 67YWH7XWH4;
				INFOPLIST_FILE = RedditTop50/Info.plist;
				LD_RUNPATH_SEARCH_PATHS = (
					"$(inherited)",
					"@executable_path/Frameworks",
				);
				PRODUCT_BUNDLE_IDENTIFIER = NicoViegasPalermo.RedditTop50;
				PRODUCT_NAME = "$(TARGET_NAME)";
				SWIFT_VERSION = 5.0;
				TARGETED_DEVICE_FAMILY = "1,2";
			};
			name = Release;
		};
/* End XCBuildConfiguration section */

/* Begin XCConfigurationList section */
		7912A7722416837400F9284E /* Build configuration list for PBXProject "RedditTop50" */ = {
			isa = XCConfigurationList;
			buildConfigurations = (
				7912A7892416837600F9284E /* Debug */,
				7912A78A2416837600F9284E /* Release */,
			);
			defaultConfigurationIsVisible = 0;
			defaultConfigurationName = Release;
		};
		7912A78B2416837600F9284E /* Build configuration list for PBXNativeTarget "RedditTop50" */ = {
			isa = XCConfigurationList;
			buildConfigurations = (
				7912A78C2416837600F9284E /* Debug */,
				7912A78D2416837600F9284E /* Release */,
			);
			defaultConfigurationIsVisible = 0;
			defaultConfigurationName = Release;
		};
/* End XCConfigurationList section */
	};
	rootObject = 7912A76F2416837300F9284E /* Project object */;
}
